
Microsoft Visual Studio Solution File, Format Version 12.00
# Visual Studio 15
Project("{FAE04EC0-301F-11D3-BF4B-00C04F79EFBC}") = "Assembly-CSharp", "Assembly-CSharp.csproj", "{A81EFCF7-8542-0D72-2365-C891B84052C1}"
EndProject
Project("{FAE04EC0-301F-11D3-BF4B-00C04F79EFBC}") = "RotaryHeart.SerializableDictionary", "RotaryHeart.SerializableDictionary.csproj", "{13D45F11-FA59-73B3-3DC0-A4FAE3D6B05A}"
EndProject
Project("{FAE04EC0-301F-11D3-BF4B-00C04F79EFBC}") = "Assembly-CSharp-Editor", "Assembly-CSharp-Editor.csproj", "{D243FB72-4B8D-FDFF-9690-8CFF46DB8456}"
EndProject
Project("{FAE04EC0-301F-11D3-BF4B-00C04F79EFBC}") = "RotaryHeart.SerializableDictionary.Editor", "RotaryHeart.SerializableDictionary.Editor.csproj", "{2443DC9F-0E89-46EA-B426-7E81F1C975EA}"
EndProject
Project("{FAE04EC0-301F-11D3-BF4B-00C04F79EFBC}") = "RotaryHeart", "RotaryHeart.csproj", "{6A435727-5060-ADB1-03AC-C1719E70D657}"
EndProject
Global
	GlobalSection(SolutionConfigurationPlatforms) = preSolution
		Debug|Any CPU = Debug|Any CPU
		Release|Any CPU = Release|Any CPU
	EndGlobalSection
	GlobalSection(ProjectConfigurationPlatforms) = postSolution
		{A81EFCF7-8542-0D72-2365-C891B84052C1}.Debug|Any CPU.ActiveCfg = Debug|Any CPU
		{A81EFCF7-8542-0D72-2365-C891B84052C1}.Debug|Any CPU.Build.0 = Debug|Any CPU
		{A81EFCF7-8542-0D72-2365-C891B84052C1}.Release|Any CPU.ActiveCfg = Release|Any CPU
		{A81EFCF7-8542-0D72-2365-C891B84052C1}.Release|Any CPU.Build.0 = Release|Any CPU
		{13D45F11-FA59-73B3-3DC0-A4FAE3D6B05A}.Debug|Any CPU.ActiveCfg = Debug|Any CPU
		{13D45F11-FA59-73B3-3DC0-A4FAE3D6B05A}.Debug|Any CPU.Build.0 = Debug|Any CPU
		{13D45F11-FA59-73B3-3DC0-A4FAE3D6B05A}.Release|Any CPU.ActiveCfg = Release|Any CPU
		{13D45F11-FA59-73B3-3DC0-A4FAE3D6B05A}.Release|Any CPU.Build.0 = Release|Any CPU
		{D243FB72-4B8D-FDFF-9690-8CFF46DB8456}.Debug|Any CPU.ActiveCfg = Debug|Any CPU
		{D243FB72-4B8D-FDFF-9690-8CFF46DB8456}.Debug|Any CPU.Build.0 = Debug|Any CPU
		{D243FB72-4B8D-FDFF-9690-8CFF46DB8456}.Release|Any CPU.ActiveCfg = Release|Any CPU
		{D243FB72-4B8D-FDFF-9690-8CFF46DB8456}.Release|Any CPU.Build.0 = Release|Any CPU
		{2443DC9F-0E89-46EA-B426-7E81F1C975EA}.Debug|Any CPU.ActiveCfg = Debug|Any CPU
		{2443DC9F-0E89-46EA-B426-7E81F1C975EA}.Debug|Any CPU.Build.0 = Debug|Any CPU
		{2443DC9F-0E89-46EA-B426-7E81F1C975EA}.Release|Any CPU.ActiveCfg = Release|Any CPU
		{2443DC9F-0E89-46EA-B426-7E81F1C975EA}.Release|Any CPU.Build.0 = Release|Any CPU
		{6A435727-5060-ADB1-03AC-C1719E70D657}.Debug|Any CPU.ActiveCfg = Debug|Any CPU
		{6A435727-5060-ADB1-03AC-C1719E70D657}.Debug|Any CPU.Build.0 = Debug|Any CPU
		{6A435727-5060-ADB1-03AC-C1719E70D657}.Release|Any CPU.ActiveCfg = Release|Any CPU
		{6A435727-5060-ADB1-03AC-C1719E70D657}.Release|Any CPU.Build.0 = Release|Any CPU
	EndGlobalSection
	GlobalSection(SolutionProperties) = preSolution
		HideSolutionNode = FALSE
	EndGlobalSection
EndGlobal
